
Microsoft Visual Studio Solution File, Format Version 12.00
# Visual Studio 15
VisualStudioVersion = 15.0.28010.2041
MinimumVisualStudioVersion = 10.0.40219.1
Project("{8BC9CEB8-8B4A-11D0-8D11-00A0C91BC942}") = "ArrayReversed", "ArrayReversed\ArrayReversed.vcxproj", "{7BFF3117-B249-4A96-92C5-14310E20172D}"
EndProject
Global
	GlobalSection(SolutionConfigurationPlatforms) = preSolution
		Debug|x64 = Debug|x64
		Debug|x86 = Debug|x86
		Release|x64 = Release|x64
		Release|x86 = Release|x86
	EndGlobalSection
	GlobalSection(ProjectConfigurationPlatforms) = postSolution
		{7BFF3117-B249-4A96-92C5-14310E20172D}.Debug|x64.ActiveCfg = Debug|x64
		{7BFF3117-B249-4A96-92C5-14310E20172D}.Debug|x64.Build.0 = Debug|x64
		{7BFF3117-B249-4A96-92C5-14310E20172D}.Debug|x86.ActiveCfg = Debug|Win32
		{7BFF3117-B249-4A96-92C5-14310E20172D}.Debug|x86.Build.0 = Debug|Win32
		{7BFF3117-B249-4A96-92C5-14310E20172D}.Release|x64.ActiveCfg = Release|x64
		{7BFF3117-B249-4A96-92C5-14310E20172D}.Release|x64.Build.0 = Release|x64
		{7BFF3117-B249-4A96-92C5-14310E20172D}.Release|x86.ActiveCfg = Release|Win32
		{7BFF3117-B249-4A96-92C5-14310E20172D}.Release|x86.Build.0 = Release|Win32
	EndGlobalSection
	GlobalSection(SolutionProperties) = preSolution
		HideSolutionNode = FALSE
	EndGlobalSection
	GlobalSection(ExtensibilityGlobals) = postSolution
		SolutionGuid = {24F1B2A3-4854-4D9D-AD15-C6CA89B5DE2F}
	EndGlobalSection
EndGlobal
